// !$*UTF8*$!
{
	archiveVersion = 1;
	classes = {
	};
	objectVersion = 51;
	objects = {

/* Begin PBXBuildFile section */
		14BBCFA725DACBE000065E98 /* AppDelegate.swift in Sources */ = {isa = PBXBuildFile; fileRef = 14BBCFA625DACBE000065E98 /* AppDelegate.swift */; };
		14BBCFA925DACBE000065E98 /* SceneDelegate.swift in Sources */ = {isa = PBXBuildFile; fileRef = 14BBCFA825DACBE000065E98 /* SceneDelegate.swift */; };
		14BBCFAB25DACBE000065E98 /* ViewController.swift in Sources */ = {isa = PBXBuildFile; fileRef = 14BBCFAA25DACBE000065E98 /* ViewController.swift */; };
		14BBCFAE25DACBE000065E98 /* Main.storyboard in Resources */ = {isa = PBXBuildFile; fileRef = 14BBCFAC25DACBE000065E98 /* Main.storyboard */; };
		14BBCFB025DACBE200065E98 /* Assets.xcassets in Resources */ = {isa = PBXBuildFile; fileRef = 14BBCFAF25DACBE200065E98 /* Assets.xcassets */; };
		14BBCFB325DACBE300065E98 /* LaunchScreen.storyboard in Resources */ = {isa = PBXBuildFile; fileRef = 14BBCFB125DACBE300065E98 /* LaunchScreen.storyboard */; };
		14BBCFBE25DACBE300065E98 /* DiffableCollectionViewInSwiftTests.swift in Sources */ = {isa = PBXBuildFile; fileRef = 14BBCFBD25DACBE300065E98 /* DiffableCollectionViewInSwiftTests.swift */; };
		14BBCFC925DACBE300065E98 /* DiffableCollectionViewInSwiftUITests.swift in Sources */ = {isa = PBXBuildFile; fileRef = 14BBCFC825DACBE300065E98 /* DiffableCollectionViewInSwiftUITests.swift */; };
		14BBCFDA25DACC5E00065E98 /* Model.swift in Sources */ = {isa = PBXBuildFile; fileRef = 14BBCFD925DACC5E00065E98 /* Model.swift */; };
		14BBCFDF25DACC9B00065E98 /* ApiCLient.swift in Sources */ = {isa = PBXBuildFile; fileRef = 14BBCFDE25DACC9B00065E98 /* ApiCLient.swift */; };
		14BBCFE425DACFA900065E98 /* CellOne.swift in Sources */ = {isa = PBXBuildFile; fileRef = 14BBCFE325DACFA900065E98 /* CellOne.swift */; };
		14BBCFE925DACFAF00065E98 /* CellTwo.swift in Sources */ = {isa = PBXBuildFile; fileRef = 14BBCFE825DACFAF00065E98 /* CellTwo.swift */; };
		14BBCFEE25DACFB700065E98 /* CellThree.swift in Sources */ = {isa = PBXBuildFile; fileRef = 14BBCFED25DACFB700065E98 /* CellThree.swift */; };
		14BBCFF325DAD08000065E98 /* BannerCell.xib in Resources */ = {isa = PBXBuildFile; fileRef = 14BBCFF225DAD08000065E98 /* BannerCell.xib */; };
		14BBCFF825DAFF7200065E98 /* AvatarCell.xib in Resources */ = {isa = PBXBuildFile; fileRef = 14BBCFF725DAFF7200065E98 /* AvatarCell.xib */; };
		14BBCFFD25DB004300065E98 /* ContestCell.xib in Resources */ = {isa = PBXBuildFile; fileRef = 14BBCFFC25DB004300065E98 /* ContestCell.xib */; };
		14BBD01025DB01DB00065E98 /* Extra.swift in Sources */ = {isa = PBXBuildFile; fileRef = 14BBD00F25DB01DB00065E98 /* Extra.swift */; };
		A3E6753BA1D4544D31AEFBC8 /* Pods_DiffableCollectionViewInSwift.framework in Frameworks */ = {isa = PBXBuildFile; fileRef = 6AEB529371A1471590B4AA33 /* Pods_DiffableCollectionViewInSwift.framework */; };
		A5D1B5AC2C9EA66E419A2C07 /* Pods_DiffableCollectionViewInSwiftTests.framework in Frameworks */ = {isa = PBXBuildFile; fileRef = 748D9B31AE2FF1195EAA439F /* Pods_DiffableCollectionViewInSwiftTests.framework */; };
		E012873736A516CBE031DB7D /* Pods_DiffableCollectionViewInSwift_DiffableCollectionViewInSwiftUITests.framework in Frameworks */ = {isa = PBXBuildFile; fileRef = F15C62C04ADD5076D5D95E06 /* Pods_DiffableCollectionViewInSwift_DiffableCollectionViewInSwiftUITests.framework */; };
/* End PBXBuildFile section */

/* Begin PBXContainerItemProxy section */
		14BBCFBA25DACBE300065E98 /* PBXContainerItemProxy */ = {
			isa = PBXContainerItemProxy;
			containerPortal = 14BBCF9B25DACBE000065E98 /* Project object */;
			proxyType = 1;
			remoteGlobalIDString = 14BBCFA225DACBE000065E98;
			remoteInfo = DiffableCollectionViewInSwift;
		};
		14BBCFC525DACBE300065E98 /* PBXContainerItemProxy */ = {
			isa = PBXContainerItemProxy;
			containerPortal = 14BBCF9B25DACBE000065E98 /* Project object */;
			proxyType = 1;
			remoteGlobalIDString = 14BBCFA225DACBE000065E98;
			remoteInfo = DiffableCollectionViewInSwift;
		};
/* End PBXContainerItemProxy section */

/* Begin PBXFileReference section */
		14BBCFA325DACBE000065E98 /* DiffableCollectionViewInSwift.app */ = {isa = PBXFileReference; explicitFileType = wrapper.application; includeInIndex = 0; path = DiffableCollectionViewInSwift.app; sourceTree = BUILT_PRODUCTS_DIR; };
		14BBCFA625DACBE000065E98 /* AppDelegate.swift */ = {isa = PBXFileReference; lastKnownFileType = sourcecode.swift; path = AppDelegate.swift; sourceTree = "<group>"; };
		14BBCFA825DACBE000065E98 /* SceneDelegate.swift */ = {isa = PBXFileReference; lastKnownFileType = sourcecode.swift; path = SceneDelegate.swift; sourceTree = "<group>"; };
		14BBCFAA25DACBE000065E98 /* ViewController.swift */ = {isa = PBXFileReference; lastKnownFileType = sourcecode.swift; path = ViewController.swift; sourceTree = "<group>"; };
		14BBCFAD25DACBE000065E98 /* Base */ = {isa = PBXFileReference; lastKnownFileType = file.storyboard; name = Base; path = Base.lproj/Main.storyboard; sourceTree = "<group>"; };
		14BBCFAF25DACBE200065E98 /* Assets.xcassets */ = {isa = PBXFileReference; lastKnownFileType = folder.assetcatalog; path = Assets.xcassets; sourceTree = "<group>"; };
		14BBCFB225DACBE300065E98 /* Base */ = {isa = PBXFileReference; lastKnownFileType = file.storyboard; name = Base; path = Base.lproj/LaunchScreen.storyboard; sourceTree = "<group>"; };
		14BBCFB425DACBE300065E98 /* Info.plist */ = {isa = PBXFileReference; lastKnownFileType = text.plist.xml; path = Info.plist; sourceTree = "<group>"; };
		14BBCFB925DACBE300065E98 /* DiffableCollectionViewInSwiftTests.xctest */ = {isa = PBXFileReference; explicitFileType = wrapper.cfbundle; includeInIndex = 0; path = DiffableCollectionViewInSwiftTests.xctest; sourceTree = BUILT_PRODUCTS_DIR; };
		14BBCFBD25DACBE300065E98 /* DiffableCollectionViewInSwiftTests.swift */ = {isa = PBXFileReference; lastKnownFileType = sourcecode.swift; path = DiffableCollectionViewInSwiftTests.swift; sourceTree = "<group>"; };
		14BBCFBF25DACBE300065E98 /* Info.plist */ = {isa = PBXFileReference; lastKnownFileType = text.plist.xml; path = Info.plist; sourceTree = "<group>"; };
		14BBCFC425DACBE300065E98 /* DiffableCollectionViewInSwiftUITests.xctest */ = {isa = PBXFileReference; explicitFileType = wrapper.cfbundle; includeInIndex = 0; path = DiffableCollectionViewInSwiftUITests.xctest; sourceTree = BUILT_PRODUCTS_DIR; };
		14BBCFC825DACBE300065E98 /* DiffableCollectionViewInSwiftUITests.swift */ = {isa = PBXFileReference; lastKnownFileType = sourcecode.swift; path = DiffableCollectionViewInSwiftUITests.swift; sourceTree = "<group>"; };
		14BBCFCA25DACBE300065E98 /* Info.plist */ = {isa = PBXFileReference; lastKnownFileType = text.plist.xml; path = Info.plist; sourceTree = "<group>"; };
		14BBCFD925DACC5E00065E98 /* Model.swift */ = {isa = PBXFileReference; lastKnownFileType = sourcecode.swift; path = Model.swift; sourceTree = "<group>"; };
		14BBCFDE25DACC9B00065E98 /* ApiCLient.swift */ = {isa = PBXFileReference; lastKnownFileType = sourcecode.swift; path = ApiCLient.swift; sourceTree = "<group>"; };
		14BBCFE325DACFA900065E98 /* CellOne.swift */ = {isa = PBXFileReference; lastKnownFileType = sourcecode.swift; path = CellOne.swift; sourceTree = "<group>"; };
		14BBCFE825DACFAF00065E98 /* CellTwo.swift */ = {isa = PBXFileReference; lastKnownFileType = sourcecode.swift; path = CellTwo.swift; sourceTree = "<group>"; };
		14BBCFED25DACFB700065E98 /* CellThree.swift */ = {isa = PBXFileReference; lastKnownFileType = sourcecode.swift; path = CellThree.swift; sourceTree = "<group>"; };
		14BBCFF225DAD08000065E98 /* BannerCell.xib */ = {isa = PBXFileReference; lastKnownFileType = file.xib; path = BannerCell.xib; sourceTree = "<group>"; };
		14BBCFF725DAFF7200065E98 /* AvatarCell.xib */ = {isa = PBXFileReference; lastKnownFileType = file.xib; path = AvatarCell.xib; sourceTree = "<group>"; };
		14BBCFFC25DB004300065E98 /* ContestCell.xib */ = {isa = PBXFileReference; lastKnownFileType = file.xib; path = ContestCell.xib; sourceTree = "<group>"; };
		14BBD00F25DB01DB00065E98 /* Extra.swift */ = {isa = PBXFileReference; lastKnownFileType = sourcecode.swift; path = Extra.swift; sourceTree = "<group>"; };
		37BCE40FFDBED5F17AAC44BD /* Pods-DiffableCollectionViewInSwiftTests.debug.xcconfig */ = {isa = PBXFileReference; includeInIndex = 1; lastKnownFileType = text.xcconfig; name = "Pods-DiffableCollectionViewInSwiftTests.debug.xcconfig"; path = "Target Support Files/Pods-DiffableCollectionViewInSwiftTests/Pods-DiffableCollectionViewInSwiftTests.debug.xcconfig"; sourceTree = "<group>"; };
		5131FE2423236CC4A8F01044 /* Pods-DiffableCollectionViewInSwift-DiffableCollectionViewInSwiftUITests.release.xcconfig */ = {isa = PBXFileReference; includeInIndex = 1; lastKnownFileType = text.xcconfig; name = "Pods-DiffableCollectionViewInSwift-DiffableCollectionViewInSwiftUITests.release.xcconfig"; path = "Target Support Files/Pods-DiffableCollectionViewInSwift-DiffableCollectionViewInSwiftUITests/Pods-DiffableCollectionViewInSwift-DiffableCollectionViewInSwiftUITests.release.xcconfig"; sourceTree = "<group>"; };
		6AEB529371A1471590B4AA33 /* Pods_DiffableCollectionViewInSwift.framework */ = {isa = PBXFileReference; explicitFileType = wrapper.framework; includeInIndex = 0; path = Pods_DiffableCollectionViewInSwift.framework; sourceTree = BUILT_PRODUCTS_DIR; };
		72DA73BE9E26F92C24BB168E /* Pods-DiffableCollectionViewInSwift.release.xcconfig */ = {isa = PBXFileReference; includeInIndex = 1; lastKnownFileType = text.xcconfig; name = "Pods-DiffableCollectionViewInSwift.release.xcconfig"; path = "Target Support Files/Pods-DiffableCollectionViewInSwift/Pods-DiffableCollectionViewInSwift.release.xcconfig"; sourceTree = "<group>"; };
		748D9B31AE2FF1195EAA439F /* Pods_DiffableCollectionViewInSwiftTests.framework */ = {isa = PBXFileReference; explicitFileType = wrapper.framework; includeInIndex = 0; path = Pods_DiffableCollectionViewInSwiftTests.framework; sourceTree = BUILT_PRODUCTS_DIR; };
		B633C568866F331E1BE3992F /* Pods-DiffableCollectionViewInSwift.debug.xcconfig */ = {isa = PBXFileReference; includeInIndex = 1; lastKnownFileType = text.xcconfig; name = "Pods-DiffableCollectionViewInSwift.debug.xcconfig"; path = "Target Support Files/Pods-DiffableCollectionViewInSwift/Pods-DiffableCollectionViewInSwift.debug.xcconfig"; sourceTree = "<group>"; };
		D9ED3F4A0D6403F9D40292F6 /* Pods-DiffableCollectionViewInSwiftTests.release.xcconfig */ = {isa = PBXFileReference; includeInIndex = 1; lastKnownFileType = text.xcconfig; name = "Pods-DiffableCollectionViewInSwiftTests.release.xcconfig"; path = "Target Support Files/Pods-DiffableCollectionViewInSwiftTests/Pods-DiffableCollectionViewInSwiftTests.release.xcconfig"; sourceTree = "<group>"; };
		EC55216618FECF15F4F77662 /* Pods-DiffableCollectionViewInSwift-DiffableCollectionViewInSwiftUITests.debug.xcconfig */ = {isa = PBXFileReference; includeInIndex = 1; lastKnownFileType = text.xcconfig; name = "Pods-DiffableCollectionViewInSwift-DiffableCollectionViewInSwiftUITests.debug.xcconfig"; path = "Target Support Files/Pods-DiffableCollectionViewInSwift-DiffableCollectionViewInSwiftUITests/Pods-DiffableCollectionViewInSwift-DiffableCollectionViewInSwiftUITests.debug.xcconfig"; sourceTree = "<group>"; };
		F15C62C04ADD5076D5D95E06 /* Pods_DiffableCollectionViewInSwift_DiffableCollectionViewInSwiftUITests.framework */ = {isa = PBXFileReference; explicitFileType = wrapper.framework; includeInIndex = 0; path = Pods_DiffableCollectionViewInSwift_DiffableCollectionViewInSwiftUITests.framework; sourceTree = BUILT_PRODUCTS_DIR; };
/* End PBXFileReference section */

/* Begin PBXFrameworksBuildPhase section */
		14BBCFA025DACBE000065E98 /* Frameworks */ = {
			isa = PBXFrameworksBuildPhase;
			buildActionMask = 2147483647;
			files = (
				A3E6753BA1D4544D31AEFBC8 /* Pods_DiffableCollectionViewInSwift.framework in Frameworks */,
			);
			runOnlyForDeploymentPostprocessing = 0;
		};
		14BBCFB625DACBE300065E98 /* Frameworks */ = {
			isa = PBXFrameworksBuildPhase;
			buildActionMask = 2147483647;
			files = (
				A5D1B5AC2C9EA66E419A2C07 /* Pods_DiffableCollectionViewInSwiftTests.framework in Frameworks */,
			);
			runOnlyForDeploymentPostprocessing = 0;
		};
		14BBCFC125DACBE300065E98 /* Frameworks */ = {
			isa = PBXFrameworksBuildPhase;
			buildActionMask = 2147483647;
			files = (
				E012873736A516CBE031DB7D /* Pods_DiffableCollectionViewInSwift_DiffableCollectionViewInSwiftUITests.framework in Frameworks */,
			);
			runOnlyForDeploymentPostprocessing = 0;
		};
/* End PBXFrameworksBuildPhase section */

/* Begin PBXGroup section */
		14BBCF9A25DACBE000065E98 = {
			isa = PBXGroup;
			children = (
				14BBCFA525DACBE000065E98 /* DiffableCollectionViewInSwift */,
				14BBCFBC25DACBE300065E98 /* DiffableCollectionViewInSwiftTests */,
				14BBCFC725DACBE300065E98 /* DiffableCollectionViewInSwiftUITests */,
				14BBCFA425DACBE000065E98 /* Products */,
				81FA07CA26F6CD34E17FC142 /* Pods */,
				D74796CA539964F05EA43523 /* Frameworks */,
			);
			sourceTree = "<group>";
		};
		14BBCFA425DACBE000065E98 /* Products */ = {
			isa = PBXGroup;
			children = (
				14BBCFA325DACBE000065E98 /* DiffableCollectionViewInSwift.app */,
				14BBCFB925DACBE300065E98 /* DiffableCollectionViewInSwiftTests.xctest */,
				14BBCFC425DACBE300065E98 /* DiffableCollectionViewInSwiftUITests.xctest */,
			);
			name = Products;
			sourceTree = "<group>";
		};
		14BBCFA525DACBE000065E98 /* DiffableCollectionViewInSwift */ = {
			isa = PBXGroup;
			children = (
				14BBCFA625DACBE000065E98 /* AppDelegate.swift */,
				14BBCFA825DACBE000065E98 /* SceneDelegate.swift */,
				14BBCFAA25DACBE000065E98 /* ViewController.swift */,
				14BBCFD925DACC5E00065E98 /* Model.swift */,
				14BBCFDE25DACC9B00065E98 /* ApiCLient.swift */,
				14BBCFAC25DACBE000065E98 /* Main.storyboard */,
				14BBCFAF25DACBE200065E98 /* Assets.xcassets */,
				14BBCFB125DACBE300065E98 /* LaunchScreen.storyboard */,
				14BBCFB425DACBE300065E98 /* Info.plist */,
				14BBCFE325DACFA900065E98 /* CellOne.swift */,
				14BBCFE825DACFAF00065E98 /* CellTwo.swift */,
				14BBCFED25DACFB700065E98 /* CellThree.swift */,
				14BBCFFC25DB004300065E98 /* ContestCell.xib */,
				14BBCFF725DAFF7200065E98 /* AvatarCell.xib */,
				14BBCFF225DAD08000065E98 /* BannerCell.xib */,
				14BBD00F25DB01DB00065E98 /* Extra.swift */,
			);
			path = DiffableCollectionViewInSwift;
			sourceTree = "<group>";
		};
		14BBCFBC25DACBE300065E98 /* DiffableCollectionViewInSwiftTests */ = {
			isa = PBXGroup;
			children = (
				14BBCFBD25DACBE300065E98 /* DiffableCollectionViewInSwiftTests.swift */,
				14BBCFBF25DACBE300065E98 /* Info.plist */,
			);
			path = DiffableCollectionViewInSwiftTests;
			sourceTree = "<group>";
		};
		14BBCFC725DACBE300065E98 /* DiffableCollectionViewInSwiftUITests */ = {
			isa = PBXGroup;
			children = (
				14BBCFC825DACBE300065E98 /* DiffableCollectionViewInSwiftUITests.swift */,
				14BBCFCA25DACBE300065E98 /* Info.plist */,
			);
			path = DiffableCollectionViewInSwiftUITests;
			sourceTree = "<group>";
		};
		81FA07CA26F6CD34E17FC142 /* Pods */ = {
			isa = PBXGroup;
			children = (
				B633C568866F331E1BE3992F /* Pods-DiffableCollectionViewInSwift.debug.xcconfig */,
				72DA73BE9E26F92C24BB168E /* Pods-DiffableCollectionViewInSwift.release.xcconfig */,
				EC55216618FECF15F4F77662 /* Pods-DiffableCollectionViewInSwift-DiffableCollectionViewInSwiftUITests.debug.xcconfig */,
				5131FE2423236CC4A8F01044 /* Pods-DiffableCollectionViewInSwift-DiffableCollectionViewInSwiftUITests.release.xcconfig */,
				37BCE40FFDBED5F17AAC44BD /* Pods-DiffableCollectionViewInSwiftTests.debug.xcconfig */,
				D9ED3F4A0D6403F9D40292F6 /* Pods-DiffableCollectionViewInSwiftTests.release.xcconfig */,
			);
			path = Pods;
			sourceTree = "<group>";
		};
		D74796CA539964F05EA43523 /* Frameworks */ = {
			isa = PBXGroup;
			children = (
				6AEB529371A1471590B4AA33 /* Pods_DiffableCollectionViewInSwift.framework */,
				F15C62C04ADD5076D5D95E06 /* Pods_DiffableCollectionViewInSwift_DiffableCollectionViewInSwiftUITests.framework */,
				748D9B31AE2FF1195EAA439F /* Pods_DiffableCollectionViewInSwiftTests.framework */,
			);
			name = Frameworks;
			sourceTree = "<group>";
		};
/* End PBXGroup section */

/* Begin PBXNativeTarget section */
		14BBCFA225DACBE000065E98 /* DiffableCollectionViewInSwift */ = {
			isa = PBXNativeTarget;
			buildConfigurationList = 14BBCFCD25DACBE300065E98 /* Build configuration list for PBXNativeTarget "DiffableCollectionViewInSwift" */;
			buildPhases = (
				204E331EB508834578FF6582 /* [CP] Check Pods Manifest.lock */,
				14BBCF9F25DACBE000065E98 /* Sources */,
				14BBCFA025DACBE000065E98 /* Frameworks */,
				14BBCFA125DACBE000065E98 /* Resources */,
				805ECD9CD38D863F295BF80E /* [CP] Embed Pods Frameworks */,
			);
			buildRules = (
			);
			dependencies = (
			);
			name = DiffableCollectionViewInSwift;
			productName = DiffableCollectionViewInSwift;
			productReference = 14BBCFA325DACBE000065E98 /* DiffableCollectionViewInSwift.app */;
			productType = "com.apple.product-type.application";
		};
		14BBCFB825DACBE300065E98 /* DiffableCollectionViewInSwiftTests */ = {
			isa = PBXNativeTarget;
			buildConfigurationList = 14BBCFD025DACBE300065E98 /* Build configuration list for PBXNativeTarget "DiffableCollectionViewInSwiftTests" */;
			buildPhases = (
				CDAE1AA368A4E5749FE0C7F5 /* [CP] Check Pods Manifest.lock */,
				14BBCFB525DACBE300065E98 /* Sources */,
				14BBCFB625DACBE300065E98 /* Frameworks */,
				14BBCFB725DACBE300065E98 /* Resources */,
			);
			buildRules = (
			);
			dependencies = (
				14BBCFBB25DACBE300065E98 /* PBXTargetDependency */,
			);
			name = DiffableCollectionViewInSwiftTests;
			productName = DiffableCollectionViewInSwiftTests;
			productReference = 14BBCFB925DACBE300065E98 /* DiffableCollectionViewInSwiftTests.xctest */;
			productType = "com.apple.product-type.bundle.unit-test";
		};
		14BBCFC325DACBE300065E98 /* DiffableCollectionViewInSwiftUITests */ = {
			isa = PBXNativeTarget;
			buildConfigurationList = 14BBCFD325DACBE300065E98 /* Build configuration list for PBXNativeTarget "DiffableCollectionViewInSwiftUITests" */;
			buildPhases = (
				DDE39FE9F6C6EA58264C8B30 /* [CP] Check Pods Manifest.lock */,
				14BBCFC025DACBE300065E98 /* Sources */,
				14BBCFC125DACBE300065E98 /* Frameworks */,
				14BBCFC225DACBE300065E98 /* Resources */,
				289B8E562127684DD3B61354 /* [CP] Embed Pods Frameworks */,
			);
			buildRules = (
			);
			dependencies = (
				14BBCFC625DACBE300065E98 /* PBXTargetDependency */,
			);
			name = DiffableCollectionViewInSwiftUITests;
			productName = DiffableCollectionViewInSwiftUITests;
			productReference = 14BBCFC425DACBE300065E98 /* DiffableCollectionViewInSwiftUITests.xctest */;
			productType = "com.apple.product-type.bundle.ui-testing";
		};
/* End PBXNativeTarget section */

/* Begin PBXProject section */
		14BBCF9B25DACBE000065E98 /* Project object */ = {
			isa = PBXProject;
			attributes = {
				LastSwiftUpdateCheck = 1240;
				LastUpgradeCheck = 1240;
				TargetAttributes = {
					14BBCFA225DACBE000065E98 = {
						CreatedOnToolsVersion = 12.4;
					};
					14BBCFB825DACBE300065E98 = {
						CreatedOnToolsVersion = 12.4;
						TestTargetID = 14BBCFA225DACBE000065E98;
					};
					14BBCFC325DACBE300065E98 = {
						CreatedOnToolsVersion = 12.4;
						TestTargetID = 14BBCFA225DACBE000065E98;
					};
				};
			};
			buildConfigurationList = 14BBCF9E25DACBE000065E98 /* Build configuration list for PBXProject "DiffableCollectionViewInSwift" */;
			compatibilityVersion = "Xcode 9.3";
			developmentRegion = en;
			hasScannedForEncodings = 0;
			knownRegions = (
				en,
				Base,
			);
			mainGroup = 14BBCF9A25DACBE000065E98;
			productRefGroup = 14BBCFA425DACBE000065E98 /* Products */;
			projectDirPath = "";
			projectRoot = "";
			targets = (
				14BBCFA225DACBE000065E98 /* DiffableCollectionViewInSwift */,
				14BBCFB825DACBE300065E98 /* DiffableCollectionViewInSwiftTests */,
				14BBCFC325DACBE300065E98 /* DiffableCollectionViewInSwiftUITests */,
			);
		};
/* End PBXProject section */

/* Begin PBXResourcesBuildPhase section */
		14BBCFA125DACBE000065E98 /* Resources */ = {
			isa = PBXResourcesBuildPhase;
			buildActionMask = 2147483647;
			files = (
				14BBCFFD25DB004300065E98 /* ContestCell.xib in Resources */,
				14BBCFB325DACBE300065E98 /* LaunchScreen.storyboard in Resources */,
				14BBCFF825DAFF7200065E98 /* AvatarCell.xib in Resources */,
				14BBCFB025DACBE200065E98 /* Assets.xcassets in Resources */,
				14BBCFF325DAD08000065E98 /* BannerCell.xib in Resources */,
				14BBCFAE25DACBE000065E98 /* Main.storyboard in Resources */,
			);
			runOnlyForDeploymentPostprocessing = 0;
		};
		14BBCFB725DACBE300065E98 /* Resources */ = {
			isa = PBXResourcesBuildPhase;
			buildActionMask = 2147483647;
			files = (
			);
			runOnlyForDeploymentPostprocessing = 0;
		};
		14BBCFC225DACBE300065E98 /* Resources */ = {
			isa = PBXResourcesBuildPhase;
			buildActionMask = 2147483647;
			files = (
			);
			runOnlyForDeploymentPostprocessing = 0;
		};
/* End PBXResourcesBuildPhase section */

/* Begin PBXShellScriptBuildPhase section */
		204E331EB508834578FF6582 /* [CP] Check Pods Manifest.lock */ = {
			isa = PBXShellScriptBuildPhase;
			buildActionMask = 2147483647;
			files = (
			);
			inputFileListPaths = (
			);
			inputPaths = (
				"${PODS_PODFILE_DIR_PATH}/Podfile.lock",
				"${PODS_ROOT}/Manifest.lock",
			);
			name = "[CP] Check Pods Manifest.lock";
			outputFileListPaths = (
			);
			outputPaths = (
				"$(DERIVED_FILE_DIR)/Pods-DiffableCollectionViewInSwift-checkManifestLockResult.txt",
			);
			runOnlyForDeploymentPostprocessing = 0;
			shellPath = /bin/sh;
			shellScript = "diff \"${PODS_PODFILE_DIR_PATH}/Podfile.lock\" \"${PODS_ROOT}/Manifest.lock\" > /dev/null\nif [ $? != 0 ] ; then\n    # print error to STDERR\n    echo \"error: The sandbox is not in sync with the Podfile.lock. Run 'pod install' or update your CocoaPods installation.\" >&2\n    exit 1\nfi\n# This output is used by Xcode 'outputs' to avoid re-running this script phase.\necho \"SUCCESS\" > \"${SCRIPT_OUTPUT_FILE_0}\"\n";
			showEnvVarsInLog = 0;
		};
		289B8E562127684DD3B61354 /* [CP] Embed Pods Frameworks */ = {
			isa = PBXShellScriptBuildPhase;
			buildActionMask = 2147483647;
			files = (
			);
			inputFileListPaths = (
				"${PODS_ROOT}/Target Support Files/Pods-DiffableCollectionViewInSwift-DiffableCollectionViewInSwiftUITests/Pods-DiffableCollectionViewInSwift-DiffableCollectionViewInSwiftUITests-frameworks-${CONFIGURATION}-input-files.xcfilelist",
			);
			name = "[CP] Embed Pods Frameworks";
			outputFileListPaths = (
				"${PODS_ROOT}/Target Support Files/Pods-DiffableCollectionViewInSwift-DiffableCollectionViewInSwiftUITests/Pods-DiffableCollectionViewInSwift-DiffableCollectionViewInSwiftUITests-frameworks-${CONFIGURATION}-output-files.xcfilelist",
			);
			runOnlyForDeploymentPostprocessing = 0;
			shellPath = /bin/sh;
			shellScript = "\"${PODS_ROOT}/Target Support Files/Pods-DiffableCollectionViewInSwift-DiffableCollectionViewInSwiftUITests/Pods-DiffableCollectionViewInSwift-DiffableCollectionViewInSwiftUITests-frameworks.sh\"\n";
			showEnvVarsInLog = 0;
		};
		805ECD9CD38D863F295BF80E /* [CP] Embed Pods Frameworks */ = {
			isa = PBXShellScriptBuildPhase;
			buildActionMask = 2147483647;
			files = (
			);
			inputFileListPaths = (
				"${PODS_ROOT}/Target Support Files/Pods-DiffableCollectionViewInSwift/Pods-DiffableCollectionViewInSwift-frameworks-${CONFIGURATION}-input-files.xcfilelist",
			);
			name = "[CP] Embed Pods Frameworks";
			outputFileListPaths = (
				"${PODS_ROOT}/Target Support Files/Pods-DiffableCollectionViewInSwift/Pods-DiffableCollectionViewInSwift-frameworks-${CONFIGURATION}-output-files.xcfilelist",
			);
			runOnlyForDeploymentPostprocessing = 0;
			shellPath = /bin/sh;
			shellScript = "\"${PODS_ROOT}/Target Support Files/Pods-DiffableCollectionViewInSwift/Pods-DiffableCollectionViewInSwift-frameworks.sh\"\n";
			showEnvVarsInLog = 0;
		};
		CDAE1AA368A4E5749FE0C7F5 /* [CP] Check Pods Manifest.lock */ = {
			isa = PBXShellScriptBuildPhase;
			buildActionMask = 2147483647;
			files = (
			);
			inputFileListPaths = (
			);
			inputPaths = (
				"${PODS_PODFILE_DIR_PATH}/Podfile.lock",
				"${PODS_ROOT}/Manifest.lock",
			);
			name = "[CP] Check Pods Manifest.lock";
			outputFileListPaths = (
			);
			outputPaths = (
				"$(DERIVED_FILE_DIR)/Pods-DiffableCollectionViewInSwiftTests-checkManifestLockResult.txt",
			);
			runOnlyForDeploymentPostprocessing = 0;
			shellPath = /bin/sh;
			shellScript = "diff \"${PODS_PODFILE_DIR_PATH}/Podfile.lock\" \"${PODS_ROOT}/Manifest.lock\" > /dev/null\nif [ $? != 0 ] ; then\n    # print error to STDERR\n    echo \"error: The sandbox is not in sync with the Podfile.lock. Run 'pod install' or update your CocoaPods installation.\" >&2\n    exit 1\nfi\n# This output is used by Xcode 'outputs' to avoid re-running this script phase.\necho \"SUCCESS\" > \"${SCRIPT_OUTPUT_FILE_0}\"\n";
			showEnvVarsInLog = 0;
		};
		DDE39FE9F6C6EA58264C8B30 /* [CP] Check Pods Manifest.lock */ = {
			isa = PBXShellScriptBuildPhase;
			buildActionMask = 2147483647;
			files = (
			);
			inputFileListPaths = (
			);
			inputPaths = (
				"${PODS_PODFILE_DIR_PATH}/Podfile.lock",
				"${PODS_ROOT}/Manifest.lock",
			);
			name = "[CP] Check Pods Manifest.lock";
			outputFileListPaths = (
			);
			outputPaths = (
				"$(DERIVED_FILE_DIR)/Pods-DiffableCollectionViewInSwift-DiffableCollectionViewInSwiftUITests-checkManifestLockResult.txt",
			);
			runOnlyForDeploymentPostprocessing = 0;
			shellPath = /bin/sh;
			shellScript = "diff \"${PODS_PODFILE_DIR_PATH}/Podfile.lock\" \"${PODS_ROOT}/Manifest.lock\" > /dev/null\nif [ $? != 0 ] ; then\n    # print error to STDERR\n    echo \"error: The sandbox is not in sync with the Podfile.lock. Run 'pod install' or update your CocoaPods installation.\" >&2\n    exit 1\nfi\n# This output is used by Xcode 'outputs' to avoid re-running this script phase.\necho \"SUCCESS\" > \"${SCRIPT_OUTPUT_FILE_0}\"\n";
			showEnvVarsInLog = 0;
		};
/* End PBXShellScriptBuildPhase section */

/* Begin PBXSourcesBuildPhase section */
		14BBCF9F25DACBE000065E98 /* Sources */ = {
			isa = PBXSourcesBuildPhase;
			buildActionMask = 2147483647;
			files = (
				14BBCFAB25DACBE000065E98 /* ViewController.swift in Sources */,
				14BBCFA725DACBE000065E98 /* AppDelegate.swift in Sources */,
				14BBCFEE25DACFB700065E98 /* CellThree.swift in Sources */,
				14BBCFA925DACBE000065E98 /* SceneDelegate.swift in Sources */,
				14BBCFDA25DACC5E00065E98 /* Model.swift in Sources */,
				14BBD01025DB01DB00065E98 /* Extra.swift in Sources */,
				14BBCFE425DACFA900065E98 /* CellOne.swift in Sources */,
				14BBCFE925DACFAF00065E98 /* CellTwo.swift in Sources */,
				14BBCFDF25DACC9B00065E98 /* ApiCLient.swift in Sources */,
			);
			runOnlyForDeploymentPostprocessing = 0;
		};
		14BBCFB525DACBE300065E98 /* Sources */ = {
			isa = PBXSourcesBuildPhase;
			buildActionMask = 2147483647;
			files = (
				14BBCFBE25DACBE300065E98 /* DiffableCollectionViewInSwiftTests.swift in Sources */,
			);
			runOnlyForDeploymentPostprocessing = 0;
		};
		14BBCFC025DACBE300065E98 /* Sources */ = {
			isa = PBXSourcesBuildPhase;
			buildActionMask = 2147483647;
			files = (
				14BBCFC925DACBE300065E98 /* DiffableCollectionViewInSwiftUITests.swift in Sources */,
			);
			runOnlyForDeploymentPostprocessing = 0;
		};
/* End PBXSourcesBuildPhase section */

/* Begin PBXTargetDependency section */
		14BBCFBB25DACBE300065E98 /* PBXTargetDependency */ = {
			isa = PBXTargetDependency;
			target = 14BBCFA225DACBE000065E98 /* DiffableCollectionViewInSwift */;
			targetProxy = 14BBCFBA25DACBE300065E98 /* PBXContainerItemProxy */;
		};
		14BBCFC625DACBE300065E98 /* PBXTargetDependency */ = {
			isa = PBXTargetDependency;
			target = 14BBCFA225DACBE000065E98 /* DiffableCollectionViewInSwift */;
			targetProxy = 14BBCFC525DACBE300065E98 /* PBXContainerItemProxy */;
		};
/* End PBXTargetDependency section */

/* Begin PBXVariantGroup section */
		14BBCFAC25DACBE000065E98 /* Main.storyboard */ = {
			isa = PBXVariantGroup;
			children = (
				14BBCFAD25DACBE000065E98 /* Base */,
			);
			name = Main.storyboard;
			sourceTree = "<group>";
		};
		14BBCFB125DACBE300065E98 /* LaunchScreen.storyboard */ = {
			isa = PBXVariantGroup;
			children = (
				14BBCFB225DACBE300065E98 /* Base */,
			);
			name = LaunchScreen.storyboard;
			sourceTree = "<group>";
		};
/* End PBXVariantGroup section */

/* Begin XCBuildConfiguration section */
		14BBCFCB25DACBE300065E98 /* Debug */ = {
			isa = XCBuildConfiguration;
			buildSettings = {
				ALWAYS_SEARCH_USER_PATHS = NO;
				CLANG_ANALYZER_NONNULL = YES;
				CLANG_ANALYZER_NUMBER_OBJECT_CONVERSION = YES_AGGRESSIVE;
				CLANG_CXX_LANGUAGE_STANDARD = "gnu++14";
				CLANG_CXX_LIBRARY = "libc++";
				CLANG_ENABLE_MODULES = YES;
				CLANG_ENABLE_OBJC_ARC = YES;
				CLANG_ENABLE_OBJC_WEAK = YES;
				CLANG_WARN_BLOCK_CAPTURE_AUTORELEASING = YES;
				CLANG_WARN_BOOL_CONVERSION = YES;
				CLANG_WARN_COMMA = YES;
				CLANG_WARN_CONSTANT_CONVERSION = YES;
				CLANG_WARN_DEPRECATED_OBJC_IMPLEMENTATIONS = YES;
				CLANG_WARN_DIRECT_OBJC_ISA_USAGE = YES_ERROR;
				CLANG_WARN_DOCUMENTATION_COMMENTS = YES;
				CLANG_WARN_EMPTY_BODY = YES;
				CLANG_WARN_ENUM_CONVERSION = YES;
				CLANG_WARN_INFINITE_RECURSION = YES;
				CLANG_WARN_INT_CONVERSION = YES;
				CLANG_WARN_NON_LITERAL_NULL_CONVERSION = YES;
				CLANG_WARN_OBJC_IMPLICIT_RETAIN_SELF = YES;
				CLANG_WARN_OBJC_LITERAL_CONVERSION = YES;
				CLANG_WARN_OBJC_ROOT_CLASS = YES_ERROR;
				CLANG_WARN_QUOTED_INCLUDE_IN_FRAMEWORK_HEADER = YES;
				CLANG_WARN_RANGE_LOOP_ANALYSIS = YES;
				CLANG_WARN_STRICT_PROTOTYPES = YES;
				CLANG_WARN_SUSPICIOUS_MOVE = YES;
				CLANG_WARN_UNGUARDED_AVAILABILITY = YES_AGGRESSIVE;
				CLANG_WARN_UNREACHABLE_CODE = YES;
				CLANG_WARN__DUPLICATE_METHOD_MATCH = YES;
				COPY_PHASE_STRIP = NO;
				DEBUG_INFORMATION_FORMAT = dwarf;
				ENABLE_STRICT_OBJC_MSGSEND = YES;
				ENABLE_TESTABILITY = YES;
				GCC_C_LANGUAGE_STANDARD = gnu11;
				GCC_DYNAMIC_NO_PIC = NO;
				GCC_NO_COMMON_BLOCKS = YES;
				GCC_OPTIMIZATION_LEVEL = 0;
				GCC_PREPROCESSOR_DEFINITIONS = (
					"DEBUG=1",
					"$(inherited)",
				);
				GCC_WARN_64_TO_32_BIT_CONVERSION = YES;
				GCC_WARN_ABOUT_RETURN_TYPE = YES_ERROR;
				GCC_WARN_UNDECLARED_SELECTOR = YES;
				GCC_WARN_UNINITIALIZED_AUTOS = YES_AGGRESSIVE;
				GCC_WARN_UNUSED_FUNCTION = YES;
				GCC_WARN_UNUSED_VARIABLE = YES;
				IPHONEOS_DEPLOYMENT_TARGET = 14.4;
				MTL_ENABLE_DEBUG_INFO = INCLUDE_SOURCE;
				MTL_FAST_MATH = YES;
				ONLY_ACTIVE_ARCH = YES;
				SDKROOT = iphoneos;
				SWIFT_ACTIVE_COMPILATION_CONDITIONS = DEBUG;
				SWIFT_OPTIMIZATION_LEVEL = "-Onone";
			};
			name = Debug;
		};
		14BBCFCC25DACBE300065E98 /* Release */ = {
			isa = XCBuildConfiguration;
			buildSettings = {
				ALWAYS_SEARCH_USER_PATHS = NO;
				CLANG_ANALYZER_NONNULL = YES;
				CLANG_ANALYZER_NUMBER_OBJECT_CONVERSION = YES_AGGRESSIVE;
				CLANG_CXX_LANGUAGE_STANDARD = "gnu++14";
				CLANG_CXX_LIBRARY = "libc++";
				CLANG_ENABLE_MODULES = YES;
				CLANG_ENABLE_OBJC_ARC = YES;
				CLANG_ENABLE_OBJC_WEAK = YES;
				CLANG_WARN_BLOCK_CAPTURE_AUTORELEASING = YES;
				CLANG_WARN_BOOL_CONVERSION = YES;
				CLANG_WARN_COMMA = YES;
				CLANG_WARN_CONSTANT_CONVERSION = YES;
				CLANG_WARN_DEPRECATED_OBJC_IMPLEMENTATIONS = YES;
				CLANG_WARN_DIRECT_OBJC_ISA_USAGE = YES_ERROR;
				CLANG_WARN_DOCUMENTATION_COMMENTS = YES;
				CLANG_WARN_EMPTY_BODY = YES;
				CLANG_WARN_ENUM_CONVERSION = YES;
				CLANG_WARN_INFINITE_RECURSION = YES;
				CLANG_WARN_INT_CONVERSION = YES;
				CLANG_WARN_NON_LITERAL_NULL_CONVERSION = YES;
				CLANG_WARN_OBJC_IMPLICIT_RETAIN_SELF = YES;
				CLANG_WARN_OBJC_LITERAL_CONVERSION = YES;
				CLANG_WARN_OBJC_ROOT_CLASS = YES_ERROR;
				CLANG_WARN_QUOTED_INCLUDE_IN_FRAMEWORK_HEADER = YES;
				CLANG_WARN_RANGE_LOOP_ANALYSIS = YES;
				CLANG_WARN_STRICT_PROTOTYPES = YES;
				CLANG_WARN_SUSPICIOUS_MOVE = YES;
				CLANG_WARN_UNGUARDED_AVAILABILITY = YES_AGGRESSIVE;
				CLANG_WARN_UNREACHABLE_CODE = YES;
				CLANG_WARN__DUPLICATE_METHOD_MATCH = YES;
				COPY_PHASE_STRIP = NO;
				DEBUG_INFORMATION_FORMAT = "dwarf-with-dsym";
				ENABLE_NS_ASSERTIONS = NO;
				ENABLE_STRICT_OBJC_MSGSEND = YES;
				GCC_C_LANGUAGE_STANDARD = gnu11;
				GCC_NO_COMMON_BLOCKS = YES;
				GCC_WARN_64_TO_32_BIT_CONVERSION = YES;
				GCC_WARN_ABOUT_RETURN_TYPE = YES_ERROR;
				GCC_WARN_UNDECLARED_SELECTOR = YES;
				GCC_WARN_UNINITIALIZED_AUTOS = YES_AGGRESSIVE;
				GCC_WARN_UNUSED_FUNCTION = YES;
				GCC_WARN_UNUSED_VARIABLE = YES;
				IPHONEOS_DEPLOYMENT_TARGET = 14.4;
				MTL_ENABLE_DEBUG_INFO = NO;
				MTL_FAST_MATH = YES;
				SDKROOT = iphoneos;
				SWIFT_COMPILATION_MODE = wholemodule;
				SWIFT_OPTIMIZATION_LEVEL = "-O";
				VALIDATE_PRODUCT = YES;
			};
			name = Release;
		};
		14BBCFCE25DACBE300065E98 /* Debug */ = {
			isa = XCBuildConfiguration;
			baseConfigurationReference = B633C568866F331E1BE3992F /* Pods-DiffableCollectionViewInSwift.debug.xcconfig */;
			buildSettings = {
				ASSETCATALOG_COMPILER_APPICON_NAME = AppIcon;
				ASSETCATALOG_COMPILER_GLOBAL_ACCENT_COLOR_NAME = AccentColor;
				CODE_SIGN_STYLE = Automatic;
				INFOPLIST_FILE = DiffableCollectionViewInSwift/Info.plist;
				LD_RUNPATH_SEARCH_PATHS = (
					"$(inherited)",
					"@executable_path/Frameworks",
				);
				PRODUCT_BUNDLE_IDENTIFIER = "com.BAuto-Layout-Pratice-1-11-11-2020.DiffableCollectionViewInSwift";
				PRODUCT_NAME = "$(TARGET_NAME)";
				SWIFT_VERSION = 5.0;
				TARGETED_DEVICE_FAMILY = "1,2";
			};
			name = Debug;
		};
		14BBCFCF25DACBE300065E98 /* Release */ = {
			isa = XCBuildConfiguration;
			baseConfigurationReference = 72DA73BE9E26F92C24BB168E /* Pods-DiffableCollectionViewInSwift.release.xcconfig */;
			buildSettings = {
				ASSETCATALOG_COMPILER_APPICON_NAME = AppIcon;
				ASSETCATALOG_COMPILER_GLOBAL_ACCENT_COLOR_NAME = AccentColor;
				CODE_SIGN_STYLE = Automatic;
				INFOPLIST_FILE = DiffableCollectionViewInSwift/Info.plist;
				LD_RUNPATH_SEARCH_PATHS = (
					"$(inherited)",
					"@executable_path/Frameworks",
				);
				PRODUCT_BUNDLE_IDENTIFIER = "com.BAuto-Layout-Pratice-1-11-11-2020.DiffableCollectionViewInSwift";
				PRODUCT_NAME = "$(TARGET_NAME)";
				SWIFT_VERSION = 5.0;
				TARGETED_DEVICE_FAMILY = "1,2";
			};
			name = Release;
		};
		14BBCFD125DACBE300065E98 /* Debug */ = {
			isa = XCBuildConfiguration;
			baseConfigurationReference = 37BCE40FFDBED5F17AAC44BD /* Pods-DiffableCollectionViewInSwiftTests.debug.xcconfig */;
			buildSettings = {
				ALWAYS_EMBED_SWIFT_STANDARD_LIBRARIES = YES;
				BUNDLE_LOADER = "$(TEST_HOST)";
				CODE_SIGN_STYLE = Automatic;
				INFOPLIST_FILE = DiffableCollectionViewInSwiftTests/Info.plist;
				IPHONEOS_DEPLOYMENT_TARGET = 14.4;
				LD_RUNPATH_SEARCH_PATHS = (
					"$(inherited)",
					"@executable_path/Frameworks",
					"@loader_path/Frameworks",
				);
				PRODUCT_BUNDLE_IDENTIFIER = "com.BAuto-Layout-Pratice-1-11-11-2020.DiffableCollectionViewInSwiftTests";
				PRODUCT_NAME = "$(TARGET_NAME)";
				SWIFT_VERSION = 5.0;
				TARGETED_DEVICE_FAMILY = "1,2";
				TEST_HOST = "$(BUILT_PRODUCTS_DIR)/DiffableCollectionViewInSwift.app/DiffableCollectionViewInSwift";
			};
			name = Debug;
		};
		14BBCFD225DACBE300065E98 /* Release */ = {
			isa = XCBuildConfiguration;
			baseConfigurationReference = D9ED3F4A0D6403F9D40292F6 /* Pods-DiffableCollectionViewInSwiftTests.release.xcconfig */;
			buildSettings = {
				ALWAYS_EMBED_SWIFT_STANDARD_LIBRARIES = YES;
				BUNDLE_LOADER = "$(TEST_HOST)";
				CODE_SIGN_STYLE = Automatic;
				INFOPLIST_FILE = DiffableCollectionViewInSwiftTests/Info.plist;
				IPHONEOS_DEPLOYMENT_TARGET = 14.4;
				LD_RUNPATH_SEARCH_PATHS = (
					"$(inherited)",
					"@executable_path/Frameworks",
					"@loader_path/Frameworks",
				);
				PRODUCT_BUNDLE_IDENTIFIER = "com.BAuto-Layout-Pratice-1-11-11-2020.DiffableCollectionViewInSwiftTests";
				PRODUCT_NAME = "$(TARGET_NAME)";
				SWIFT_VERSION = 5.0;
				TARGETED_DEVICE_FAMILY = "1,2";
				TEST_HOST = "$(BUILT_PRODUCTS_DIR)/DiffableCollectionViewInSwift.app/DiffableCollectionViewInSwift";
			};
			name = Release;
		};
		14BBCFD425DACBE300065E98 /* Debug */ = {
			isa = XCBuildConfiguration;
			baseConfigurationReference = EC55216618FECF15F4F77662 /* Pods-DiffableCollectionViewInSwift-DiffableCollectionViewInSwiftUITests.debug.xcconfig */;
			buildSettings = {
				ALWAYS_EMBED_SWIFT_STANDARD_LIBRARIES = YES;
				CODE_SIGN_STYLE = Automatic;
				INFOPLIST_FILE = DiffableCollectionViewInSwiftUITests/Info.plist;
				LD_RUNPATH_SEARCH_PATHS = (
					"$(inherited)",
					"@executable_path/Frameworks",
					"@loader_path/Frameworks",
				);
				PRODUCT_BUNDLE_IDENTIFIER = "com.BAuto-Layout-Pratice-1-11-11-2020.DiffableCollectionViewInSwiftUITests";
				PRODUCT_NAME = "$(TARGET_NAME)";
				SWIFT_VERSION = 5.0;
				TARGETED_DEVICE_FAMILY = "1,2";
				TEST_TARGET_NAME = DiffableCollectionViewInSwift;
			};
			name = Debug;
		};
		14BBCFD525DACBE300065E98 /* Release */ = {
			isa = XCBuildConfiguration;
			baseConfigurationReference = 5131FE2423236CC4A8F01044 /* Pods-DiffableCollectionViewInSwift-DiffableCollectionViewInSwiftUITests.release.xcconfig */;
			buildSettings = {
				ALWAYS_EMBED_SWIFT_STANDARD_LIBRARIES = YES;
				CODE_SIGN_STYLE = Automatic;
				INFOPLIST_FILE = DiffableCollectionViewInSwiftUITests/Info.plist;
				LD_RUNPATH_SEARCH_PATHS = (
					"$(inherited)",
					"@executable_path/Frameworks",
					"@loader_path/Frameworks",
				);
				PRODUCT_BUNDLE_IDENTIFIER = "com.BAuto-Layout-Pratice-1-11-11-2020.DiffableCollectionViewInSwiftUITests";
				PRODUCT_NAME = "$(TARGET_NAME)";
				SWIFT_VERSION = 5.0;
				TARGETED_DEVICE_FAMILY = "1,2";
				TEST_TARGET_NAME = DiffableCollectionViewInSwift;
			};
			name = Release;
		};
/* End XCBuildConfiguration section */

/* Begin XCConfigurationList section */
		14BBCF9E25DACBE000065E98 /* Build configuration list for PBXProject "DiffableCollectionViewInSwift" */ = {
			isa = XCConfigurationList;
			buildConfigurations = (
				14BBCFCB25DACBE300065E98 /* Debug */,
				14BBCFCC25DACBE300065E98 /* Release */,
			);
			defaultConfigurationIsVisible = 0;
			defaultConfigurationName = Release;
		};
		14BBCFCD25DACBE300065E98 /* Build configuration list for PBXNativeTarget "DiffableCollectionViewInSwift" */ = {
			isa = XCConfigurationList;
			buildConfigurations = (
				14BBCFCE25DACBE300065E98 /* Debug */,
				14BBCFCF25DACBE300065E98 /* Release */,
			);
			defaultConfigurationIsVisible = 0;
			defaultConfigurationName = Release;
		};
		14BBCFD025DACBE300065E98 /* Build configuration list for PBXNativeTarget "DiffableCollectionViewInSwiftTests" */ = {
			isa = XCConfigurationList;
			buildConfigurations = (
				14BBCFD125DACBE300065E98 /* Debug */,
				14BBCFD225DACBE300065E98 /* Release */,
			);
			defaultConfigurationIsVisible = 0;
			defaultConfigurationName = Release;
		};
		14BBCFD325DACBE300065E98 /* Build configuration list for PBXNativeTarget "DiffableCollectionViewInSwiftUITests" */ = {
			isa = XCConfigurationList;
			buildConfigurations = (
				14BBCFD425DACBE300065E98 /* Debug */,
				14BBCFD525DACBE300065E98 /* Release */,
			);
			defaultConfigurationIsVisible = 0;
			defaultConfigurationName = Release;
		};
/* End XCConfigurationList section */
	};
	rootObject = 14BBCF9B25DACBE000065E98 /* Project object */;
}
